
Microsoft Visual Studio Solution File, Format Version 12.00
# Visual Studio Version 17
VisualStudioVersion = 17.14.36212.18 d17.14
MinimumVisualStudioVersion = 10.0.40219.1
Project("{FAE04EC0-301F-11D3-BF4B-00C04F79EFBC}") = "SalaryManagementAPI", "SalaryManagementAPI.csproj", "{50473ED5-DD48-E1F4-E3FA-84BBEF876C83}"
EndProject
Global
	GlobalSection(SolutionConfigurationPlatforms) = preSolution
		Debug|Any CPU = Debug|Any CPU
		Release|Any CPU = Release|Any CPU
	EndGlobalSection
	GlobalSection(ProjectConfigurationPlatforms) = postSolution
		{50473ED5-DD48-E1F4-E3FA-84BBEF876C83}.Debug|Any CPU.ActiveCfg = Debug|Any CPU
		{50473ED5-DD48-E1F4-E3FA-84BBEF876C83}.Debug|Any CPU.Build.0 = Debug|Any CPU
		{50473ED5-DD48-E1F4-E3FA-84BBEF876C83}.Release|Any CPU.ActiveCfg = Release|Any CPU
		{50473ED5-DD48-E1F4-E3FA-84BBEF876C83}.Release|Any CPU.Build.0 = Release|Any CPU
	EndGlobalSection
	GlobalSection(SolutionProperties) = preSolution
		HideSolutionNode = FALSE
	EndGlobalSection
	GlobalSection(ExtensibilityGlobals) = postSolution
		SolutionGuid = {790EB04B-F697-497A-9EBB-D391844D6B15}
	EndGlobalSection
EndGlobal
